
Microsoft Visual Studio Solution File, Format Version 12.00
# Visual Studio Version 16
VisualStudioVersion = 16.0.32126.315
MinimumVisualStudioVersion = 10.0.40219.1
Project("{FAE04EC0-301F-11D3-BF4B-00C04F79EFBC}") = "Lab5", "Lab5\Lab5.csproj", "{9BA4670B-CA31-4CC8-BBC2-78845EC3008B}"
EndProject
Global
	GlobalSection(SolutionConfigurationPlatforms) = preSolution
		Debug|Any CPU = Debug|Any CPU
		Release|Any CPU = Release|Any CPU
	EndGlobalSection
	GlobalSection(ProjectConfigurationPlatforms) = postSolution
		{9BA4670B-CA31-4CC8-BBC2-78845EC3008B}.Debug|Any CPU.ActiveCfg = Debug|Any CPU
		{9BA4670B-CA31-4CC8-BBC2-78845EC3008B}.Debug|Any CPU.Build.0 = Debug|Any CPU
		{9BA4670B-CA31-4CC8-BBC2-78845EC3008B}.Release|Any CPU.ActiveCfg = Release|Any CPU
		{9BA4670B-CA31-4CC8-BBC2-78845EC3008B}.Release|Any CPU.Build.0 = Release|Any CPU
	EndGlobalSection
	GlobalSection(SolutionProperties) = preSolution
		HideSolutionNode = FALSE
	EndGlobalSection
	GlobalSection(ExtensibilityGlobals) = postSolution
		SolutionGuid = {90DF95C9-AE06-41F6-A5B1-0F9143ECC091}
	EndGlobalSection
EndGlobal
